{
  "name": "derver",
  "version": "0.3.0",
  "lockfileVersion": 1,
  "requires": true,
  "dependencies": {
    "esbuild": {
      "version": "0.8.0",
      "resolved": "https://registry.npmjs.org/esbuild/-/esbuild-0.8.0.tgz",
      "integrity": "sha512-xCHJpLRlU0NIANQHNsiMDNC/HlrKoye7iH5YOcoZNurauUZgMhjmm9PCal+Oo9ARYZrWxN15mykbfCX//UEvng==",
      "dev": true
    },
    "node-watch": {
      "version": "0.7.0",
      "resolved": "https://registry.npmjs.org/node-watch/-/node-watch-0.7.0.tgz",
      "integrity": "sha512-OOBiglke5SlRQT5WYfwXTmYqTfXjcTNBHpalyHLtLxDpQYVpVRkJqabcch1kmwJsjV/J4OZuzEafeb4soqtFZA==",
      "dev": true
    }
  }
}
