{
  "name": "tinds",
  "version": "1.0.0",
  "lockfileVersion": 2,
  "requires": true,
  "packages": {
    "": {
      "version": "1.0.0",
      "license": "MIT",
      "devDependencies": {
        "esbuild": "^0.7.21"
      }
    },
    "node_modules/esbuild": {
      "version": "0.7.21",
      "resolved": "https://registry.npmjs.org/esbuild/-/esbuild-0.7.21.tgz",
      "integrity": "sha512-qEnJdj+6Mdpt5kZwwCqO6PDNXSHNDDOPbnF4pduS3nub1v5GfgZfi8ysZ2DN4Q65WWgx6hz1a237ZETEHZpR0Q==",
      "dev": true
    }
  },
  "dependencies": {
    "esbuild": {
      "version": "0.7.21",
      "resolved": "https://registry.npmjs.org/esbuild/-/esbuild-0.7.21.tgz",
      "integrity": "sha512-qEnJdj+6Mdpt5kZwwCqO6PDNXSHNDDOPbnF4pduS3nub1v5GfgZfi8ysZ2DN4Q65WWgx6hz1a237ZETEHZpR0Q==",
      "dev": true
    }
  }
}
