{
  "name": "derver",
  "version": "0.5.3",
  "lockfileVersion": 2,
  "requires": true,
  "packages": {
    "": {
      "name": "derver",
      "version": "0.5.3",
      "license": "MIT",
      "bin": {
        "derver": "bin/derver"
      },
      "devDependencies": {
        "esbuild": "^0.12.29",
        "node-watch": "^0.7.2"
      }
    },
    "node_modules/esbuild": {
      "version": "0.12.29",
      "resolved": "https://registry.npmjs.org/esbuild/-/esbuild-0.12.29.tgz",
      "integrity": "sha512-w/XuoBCSwepyiZtIRsKsetiLDUVGPVw1E/R3VTFSecIy8UR7Cq3SOtwKHJMFoVqqVG36aGkzh4e8BvpO1Fdc7g==",
      "dev": true,
      "hasInstallScript": true,
      "bin": {
        "esbuild": "bin/esbuild"
      }
    },
    "node_modules/node-watch": {
      "version": "0.7.2",
      "resolved": "https://registry.npmjs.org/node-watch/-/node-watch-0.7.2.tgz",
      "integrity": "sha512-g53VjSARRv1JdST0LZRIg8RiuLr1TaBbVPsVvxh0/0Ymvi0xYUjDuoqQQAWtHJQUXhiShowPT/aXKNeHBcyQsw==",
      "dev": true,
      "engines": {
        "node": ">=6"
      }
    }
  },
  "dependencies": {
    "esbuild": {
      "version": "0.12.29",
      "resolved": "https://registry.npmjs.org/esbuild/-/esbuild-0.12.29.tgz",
      "integrity": "sha512-w/XuoBCSwepyiZtIRsKsetiLDUVGPVw1E/R3VTFSecIy8UR7Cq3SOtwKHJMFoVqqVG36aGkzh4e8BvpO1Fdc7g==",
      "dev": true
    },
    "node-watch": {
      "version": "0.7.2",
      "resolved": "https://registry.npmjs.org/node-watch/-/node-watch-0.7.2.tgz",
      "integrity": "sha512-g53VjSARRv1JdST0LZRIg8RiuLr1TaBbVPsVvxh0/0Ymvi0xYUjDuoqQQAWtHJQUXhiShowPT/aXKNeHBcyQsw==",
      "dev": true
    }
  }
}
